
Microsoft Visual Studio Solution File, Format Version 12.00
# Visual Studio Version 17
VisualStudioVersion = 17.3.32901.215
MinimumVisualStudioVersion = 10.0.40219.1
Project("{FAE04EC0-301F-11D3-BF4B-00C04F79EFBC}") = "GoodForm", "WinFormsApp1\GoodForm.csproj", "{3D0163B2-57B6-4D65-9062-E948F53B081E}"
EndProject
Global
	GlobalSection(SolutionConfigurationPlatforms) = preSolution
		Debug|Any CPU = Debug|Any CPU
		Release|Any CPU = Release|Any CPU
	EndGlobalSection
	GlobalSection(ProjectConfigurationPlatforms) = postSolution
		{3D0163B2-57B6-4D65-9062-E948F53B081E}.Debug|Any CPU.ActiveCfg = Debug|Any CPU
		{3D0163B2-57B6-4D65-9062-E948F53B081E}.Debug|Any CPU.Build.0 = Debug|Any CPU
		{3D0163B2-57B6-4D65-9062-E948F53B081E}.Release|Any CPU.ActiveCfg = Release|Any CPU
		{3D0163B2-57B6-4D65-9062-E948F53B081E}.Release|Any CPU.Build.0 = Release|Any CPU
	EndGlobalSection
	GlobalSection(SolutionProperties) = preSolution
		HideSolutionNode = FALSE
	EndGlobalSection
	GlobalSection(ExtensibilityGlobals) = postSolution
		SolutionGuid = {9EE0DC9E-B74A-4116-B366-5C595F7F635D}
	EndGlobalSection
EndGlobal
